// !$*UTF8*$!
{
	archiveVersion = 1;
	classes = {
	};
	objectVersion = 50;
	objects = {

/* Begin PBXBuildFile section */
		841A367C26F28B04009DE921 /* AppDelegate.swift in Sources */ = {isa = PBXBuildFile; fileRef = 841A367B26F28B04009DE921 /* AppDelegate.swift */; };
		841A368126F28B04009DE921 /* Game_Engine.xcdatamodeld in Sources */ = {isa = PBXBuildFile; fileRef = 841A367F26F28B04009DE921 /* Game_Engine.xcdatamodeld */; };
		841A368326F28B06009DE921 /* Assets.xcassets in Resources */ = {isa = PBXBuildFile; fileRef = 841A368226F28B06009DE921 /* Assets.xcassets */; };
		841A368626F28B06009DE921 /* Main.storyboard in Resources */ = {isa = PBXBuildFile; fileRef = 841A368426F28B06009DE921 /* Main.storyboard */; };
		841A369226F28B07009DE921 /* Game_EngineTests.swift in Sources */ = {isa = PBXBuildFile; fileRef = 841A369126F28B07009DE921 /* Game_EngineTests.swift */; };
		841A369D26F28B07009DE921 /* Game_EngineUITests.swift in Sources */ = {isa = PBXBuildFile; fileRef = 841A369C26F28B07009DE921 /* Game_EngineUITests.swift */; };
		8426107326F297900039DFD2 /* GameView.swift in Sources */ = {isa = PBXBuildFile; fileRef = 8426107226F297900039DFD2 /* GameView.swift */; };
		8426107526F341110039DFD2 /* MyShaders.metal in Sources */ = {isa = PBXBuildFile; fileRef = 8426107426F341110039DFD2 /* MyShaders.metal */; };
		8426107726F3EB9A0039DFD2 /* Types.swift in Sources */ = {isa = PBXBuildFile; fileRef = 8426107626F3EB9A0039DFD2 /* Types.swift */; };
		8426107D26F3FCDF0039DFD2 /* Engine.swift in Sources */ = {isa = PBXBuildFile; fileRef = 8426107C26F3FCDF0039DFD2 /* Engine.swift */; };
		8426107F26F3FF5B0039DFD2 /* Preferences.swift in Sources */ = {isa = PBXBuildFile; fileRef = 8426107E26F3FF5B0039DFD2 /* Preferences.swift */; };
		8426108126F406CF0039DFD2 /* ShaderLibrary.swift in Sources */ = {isa = PBXBuildFile; fileRef = 8426108026F406CF0039DFD2 /* ShaderLibrary.swift */; };
		8426108326F4BE3D0039DFD2 /* VertexDescriptorLibrary.swift in Sources */ = {isa = PBXBuildFile; fileRef = 8426108226F4BE3D0039DFD2 /* VertexDescriptorLibrary.swift */; };
		8426108526F4C02A0039DFD2 /* RenderPipelineDescriptorLibrary.swift in Sources */ = {isa = PBXBuildFile; fileRef = 8426108426F4C02A0039DFD2 /* RenderPipelineDescriptorLibrary.swift */; };
		8426108726F4C3370039DFD2 /* RenderPipelineStateLibrary.swift in Sources */ = {isa = PBXBuildFile; fileRef = 8426108626F4C3370039DFD2 /* RenderPipelineStateLibrary.swift */; };
		8426108A26F4CB1E0039DFD2 /* GameObject.swift in Sources */ = {isa = PBXBuildFile; fileRef = 8426108926F4CB1E0039DFD2 /* GameObject.swift */; };
		8426108C26F4CF870039DFD2 /* Renderer.swift in Sources */ = {isa = PBXBuildFile; fileRef = 8426108B26F4CF870039DFD2 /* Renderer.swift */; };
		842EE779270F43E50029C8E5 /* Camera.swift in Sources */ = {isa = PBXBuildFile; fileRef = 842EE778270F43E50029C8E5 /* Camera.swift */; };
		842EE77B270F62BB0029C8E5 /* DebugCamera.swift in Sources */ = {isa = PBXBuildFile; fileRef = 842EE77A270F62BB0029C8E5 /* DebugCamera.swift */; };
		842EE77D2710298F0029C8E5 /* CameraManager.swift in Sources */ = {isa = PBXBuildFile; fileRef = 842EE77C2710298F0029C8E5 /* CameraManager.swift */; };
		84308BCC2700DFFA00B6D134 /* Scene.swift in Sources */ = {isa = PBXBuildFile; fileRef = 84308BCB2700DFFA00B6D134 /* Scene.swift */; };
		84308BCE2700E22600B6D134 /* SandboxScene.swift in Sources */ = {isa = PBXBuildFile; fileRef = 84308BCD2700E22600B6D134 /* SandboxScene.swift */; };
		84308BD12700EAB600B6D134 /* SceneManager.swift in Sources */ = {isa = PBXBuildFile; fileRef = 84308BD02700EAB600B6D134 /* SceneManager.swift */; };
		846154C226FDF1CE00F88094 /* Math.swift in Sources */ = {isa = PBXBuildFile; fileRef = 846154C126FDF1CE00F88094 /* Math.swift */; };
		84C1147E2701C9D7008B7930 /* Keyboard.swift in Sources */ = {isa = PBXBuildFile; fileRef = 84C1147D2701C9D7008B7930 /* Keyboard.swift */; };
		84C114802701CBF3008B7930 /* Keycodes.swift in Sources */ = {isa = PBXBuildFile; fileRef = 84C1147F2701CBF3008B7930 /* Keycodes.swift */; };
		84C114822701CFC2008B7930 /* Mouse.swift in Sources */ = {isa = PBXBuildFile; fileRef = 84C114812701CFC2008B7930 /* Mouse.swift */; };
		84F770E826F7F05300C09C5D /* MeshLibrary.swift in Sources */ = {isa = PBXBuildFile; fileRef = 84F770E726F7F05300C09C5D /* MeshLibrary.swift */; };
		84F770EA26F7F6D300C09C5D /* Pointer.swift in Sources */ = {isa = PBXBuildFile; fileRef = 84F770E926F7F6D300C09C5D /* Pointer.swift */; };
		84F770ED26F7F8CD00C09C5D /* Renderable.swift in Sources */ = {isa = PBXBuildFile; fileRef = 84F770EC26F7F8CD00C09C5D /* Renderable.swift */; };
		84F770F026F7FAC800C09C5D /* Node.swift in Sources */ = {isa = PBXBuildFile; fileRef = 84F770EF26F7FAC800C09C5D /* Node.swift */; };
/* End PBXBuildFile section */

/* Begin PBXContainerItemProxy section */
		841A368E26F28B07009DE921 /* PBXContainerItemProxy */ = {
			isa = PBXContainerItemProxy;
			containerPortal = 841A367026F28B04009DE921 /* Project object */;
			proxyType = 1;
			remoteGlobalIDString = 841A367726F28B04009DE921;
			remoteInfo = "Game Engine";
		};
		841A369926F28B07009DE921 /* PBXContainerItemProxy */ = {
			isa = PBXContainerItemProxy;
			containerPortal = 841A367026F28B04009DE921 /* Project object */;
			proxyType = 1;
			remoteGlobalIDString = 841A367726F28B04009DE921;
			remoteInfo = "Game Engine";
		};
/* End PBXContainerItemProxy section */

/* Begin PBXFileReference section */
		841A367826F28B04009DE921 /* Game Engine.app */ = {isa = PBXFileReference; explicitFileType = wrapper.application; includeInIndex = 0; path = "Game Engine.app"; sourceTree = BUILT_PRODUCTS_DIR; };
		841A367B26F28B04009DE921 /* AppDelegate.swift */ = {isa = PBXFileReference; lastKnownFileType = sourcecode.swift; path = AppDelegate.swift; sourceTree = "<group>"; };
		841A368026F28B04009DE921 /* Game_Engine.xcdatamodel */ = {isa = PBXFileReference; lastKnownFileType = wrapper.xcdatamodel; path = Game_Engine.xcdatamodel; sourceTree = "<group>"; };
		841A368226F28B06009DE921 /* Assets.xcassets */ = {isa = PBXFileReference; lastKnownFileType = folder.assetcatalog; path = Assets.xcassets; sourceTree = "<group>"; };
		841A368526F28B06009DE921 /* Base */ = {isa = PBXFileReference; lastKnownFileType = file.storyboard; name = Base; path = Base.lproj/Main.storyboard; sourceTree = "<group>"; };
		841A368726F28B06009DE921 /* Info.plist */ = {isa = PBXFileReference; lastKnownFileType = text.plist.xml; path = Info.plist; sourceTree = "<group>"; };
		841A368826F28B06009DE921 /* Game_Engine.entitlements */ = {isa = PBXFileReference; lastKnownFileType = text.plist.entitlements; path = Game_Engine.entitlements; sourceTree = "<group>"; };
		841A368D26F28B07009DE921 /* Game EngineTests.xctest */ = {isa = PBXFileReference; explicitFileType = wrapper.cfbundle; includeInIndex = 0; path = "Game EngineTests.xctest"; sourceTree = BUILT_PRODUCTS_DIR; };
		841A369126F28B07009DE921 /* Game_EngineTests.swift */ = {isa = PBXFileReference; lastKnownFileType = sourcecode.swift; path = Game_EngineTests.swift; sourceTree = "<group>"; };
		841A369326F28B07009DE921 /* Info.plist */ = {isa = PBXFileReference; lastKnownFileType = text.plist.xml; path = Info.plist; sourceTree = "<group>"; };
		841A369826F28B07009DE921 /* Game EngineUITests.xctest */ = {isa = PBXFileReference; explicitFileType = wrapper.cfbundle; includeInIndex = 0; path = "Game EngineUITests.xctest"; sourceTree = BUILT_PRODUCTS_DIR; };
		841A369C26F28B07009DE921 /* Game_EngineUITests.swift */ = {isa = PBXFileReference; lastKnownFileType = sourcecode.swift; path = Game_EngineUITests.swift; sourceTree = "<group>"; };
		841A369E26F28B07009DE921 /* Info.plist */ = {isa = PBXFileReference; lastKnownFileType = text.plist.xml; path = Info.plist; sourceTree = "<group>"; };
		8426107226F297900039DFD2 /* GameView.swift */ = {isa = PBXFileReference; lastKnownFileType = sourcecode.swift; path = GameView.swift; sourceTree = "<group>"; };
		8426107426F341110039DFD2 /* MyShaders.metal */ = {isa = PBXFileReference; lastKnownFileType = sourcecode.metal; path = MyShaders.metal; sourceTree = "<group>"; };
		8426107626F3EB9A0039DFD2 /* Types.swift */ = {isa = PBXFileReference; lastKnownFileType = sourcecode.swift; path = Types.swift; sourceTree = "<group>"; };
		8426107C26F3FCDF0039DFD2 /* Engine.swift */ = {isa = PBXFileReference; lastKnownFileType = sourcecode.swift; path = Engine.swift; sourceTree = "<group>"; };
		8426107E26F3FF5B0039DFD2 /* Preferences.swift */ = {isa = PBXFileReference; lastKnownFileType = sourcecode.swift; path = Preferences.swift; sourceTree = "<group>"; };
		8426108026F406CF0039DFD2 /* ShaderLibrary.swift */ = {isa = PBXFileReference; lastKnownFileType = sourcecode.swift; path = ShaderLibrary.swift; sourceTree = "<group>"; };
		8426108226F4BE3D0039DFD2 /* VertexDescriptorLibrary.swift */ = {isa = PBXFileReference; lastKnownFileType = sourcecode.swift; path = VertexDescriptorLibrary.swift; sourceTree = "<group>"; };
		8426108426F4C02A0039DFD2 /* RenderPipelineDescriptorLibrary.swift */ = {isa = PBXFileReference; lastKnownFileType = sourcecode.swift; path = RenderPipelineDescriptorLibrary.swift; sourceTree = "<group>"; };
		8426108626F4C3370039DFD2 /* RenderPipelineStateLibrary.swift */ = {isa = PBXFileReference; lastKnownFileType = sourcecode.swift; path = RenderPipelineStateLibrary.swift; sourceTree = "<group>"; };
		8426108926F4CB1E0039DFD2 /* GameObject.swift */ = {isa = PBXFileReference; lastKnownFileType = sourcecode.swift; path = GameObject.swift; sourceTree = "<group>"; };
		8426108B26F4CF870039DFD2 /* Renderer.swift */ = {isa = PBXFileReference; lastKnownFileType = sourcecode.swift; path = Renderer.swift; sourceTree = "<group>"; };
		842EE778270F43E50029C8E5 /* Camera.swift */ = {isa = PBXFileReference; lastKnownFileType = sourcecode.swift; path = Camera.swift; sourceTree = "<group>"; };
		842EE77A270F62BB0029C8E5 /* DebugCamera.swift */ = {isa = PBXFileReference; lastKnownFileType = sourcecode.swift; path = DebugCamera.swift; sourceTree = "<group>"; };
		842EE77C2710298F0029C8E5 /* CameraManager.swift */ = {isa = PBXFileReference; lastKnownFileType = sourcecode.swift; path = CameraManager.swift; sourceTree = "<group>"; };
		84308BCB2700DFFA00B6D134 /* Scene.swift */ = {isa = PBXFileReference; lastKnownFileType = sourcecode.swift; path = Scene.swift; sourceTree = "<group>"; };
		84308BCD2700E22600B6D134 /* SandboxScene.swift */ = {isa = PBXFileReference; lastKnownFileType = sourcecode.swift; path = SandboxScene.swift; sourceTree = "<group>"; };
		84308BD02700EAB600B6D134 /* SceneManager.swift */ = {isa = PBXFileReference; lastKnownFileType = sourcecode.swift; path = SceneManager.swift; sourceTree = "<group>"; };
		846154C126FDF1CE00F88094 /* Math.swift */ = {isa = PBXFileReference; lastKnownFileType = sourcecode.swift; path = Math.swift; sourceTree = "<group>"; };
		84C1147D2701C9D7008B7930 /* Keyboard.swift */ = {isa = PBXFileReference; lastKnownFileType = sourcecode.swift; path = Keyboard.swift; sourceTree = "<group>"; };
		84C1147F2701CBF3008B7930 /* Keycodes.swift */ = {isa = PBXFileReference; lastKnownFileType = sourcecode.swift; path = Keycodes.swift; sourceTree = "<group>"; };
		84C114812701CFC2008B7930 /* Mouse.swift */ = {isa = PBXFileReference; lastKnownFileType = sourcecode.swift; path = Mouse.swift; sourceTree = "<group>"; };
		84F770E726F7F05300C09C5D /* MeshLibrary.swift */ = {isa = PBXFileReference; lastKnownFileType = sourcecode.swift; path = MeshLibrary.swift; sourceTree = "<group>"; };
		84F770E926F7F6D300C09C5D /* Pointer.swift */ = {isa = PBXFileReference; lastKnownFileType = sourcecode.swift; path = Pointer.swift; sourceTree = "<group>"; };
		84F770EC26F7F8CD00C09C5D /* Renderable.swift */ = {isa = PBXFileReference; lastKnownFileType = sourcecode.swift; path = Renderable.swift; sourceTree = "<group>"; };
		84F770EF26F7FAC800C09C5D /* Node.swift */ = {isa = PBXFileReference; lastKnownFileType = sourcecode.swift; path = Node.swift; sourceTree = "<group>"; };
/* End PBXFileReference section */

/* Begin PBXFrameworksBuildPhase section */
		841A367526F28B04009DE921 /* Frameworks */ = {
			isa = PBXFrameworksBuildPhase;
			buildActionMask = 2147483647;
			files = (
			);
			runOnlyForDeploymentPostprocessing = 0;
		};
		841A368A26F28B07009DE921 /* Frameworks */ = {
			isa = PBXFrameworksBuildPhase;
			buildActionMask = 2147483647;
			files = (
			);
			runOnlyForDeploymentPostprocessing = 0;
		};
		841A369526F28B07009DE921 /* Frameworks */ = {
			isa = PBXFrameworksBuildPhase;
			buildActionMask = 2147483647;
			files = (
			);
			runOnlyForDeploymentPostprocessing = 0;
		};
/* End PBXFrameworksBuildPhase section */

/* Begin PBXGroup section */
		841A366F26F28B04009DE921 = {
			isa = PBXGroup;
			children = (
				841A367A26F28B04009DE921 /* Game Engine */,
				841A369026F28B07009DE921 /* Game EngineTests */,
				841A369B26F28B07009DE921 /* Game EngineUITests */,
				841A367926F28B04009DE921 /* Products */,
			);
			sourceTree = "<group>";
		};
		841A367926F28B04009DE921 /* Products */ = {
			isa = PBXGroup;
			children = (
				841A367826F28B04009DE921 /* Game Engine.app */,
				841A368D26F28B07009DE921 /* Game EngineTests.xctest */,
				841A369826F28B07009DE921 /* Game EngineUITests.xctest */,
			);
			name = Products;
			sourceTree = "<group>";
		};
		841A367A26F28B04009DE921 /* Game Engine */ = {
			isa = PBXGroup;
			children = (
				846154C026FDF17B00F88094 /* Maths */,
				8426107826F3F99F0039DFD2 /* Core */,
				8426107926F3F9BB0039DFD2 /* Libraries */,
				84308BCF2700EA4A00B6D134 /* Managers */,
				8426107A26F3FA0D0039DFD2 /* Shaders */,
				8426108826F4CAA20039DFD2 /* Game Shizz */,
				8426107B26F3FA270039DFD2 /* Display */,
				841A36AA26F28D8B009DE921 /* Other Files */,
			);
			path = "Game Engine";
			sourceTree = "<group>";
		};
		841A369026F28B07009DE921 /* Game EngineTests */ = {
			isa = PBXGroup;
			children = (
				841A369126F28B07009DE921 /* Game_EngineTests.swift */,
				841A369326F28B07009DE921 /* Info.plist */,
			);
			path = "Game EngineTests";
			sourceTree = "<group>";
		};
		841A369B26F28B07009DE921 /* Game EngineUITests */ = {
			isa = PBXGroup;
			children = (
				841A369C26F28B07009DE921 /* Game_EngineUITests.swift */,
				841A369E26F28B07009DE921 /* Info.plist */,
			);
			path = "Game EngineUITests";
			sourceTree = "<group>";
		};
		841A36AA26F28D8B009DE921 /* Other Files */ = {
			isa = PBXGroup;
			children = (
				841A367B26F28B04009DE921 /* AppDelegate.swift */,
				841A368226F28B06009DE921 /* Assets.xcassets */,
				841A368726F28B06009DE921 /* Info.plist */,
				841A368826F28B06009DE921 /* Game_Engine.entitlements */,
				841A367F26F28B04009DE921 /* Game_Engine.xcdatamodeld */,
			);
			path = "Other Files";
			sourceTree = "<group>";
		};
		8426107826F3F99F0039DFD2 /* Core */ = {
			isa = PBXGroup;
			children = (
				8426107626F3EB9A0039DFD2 /* Types.swift */,
				8426107C26F3FCDF0039DFD2 /* Engine.swift */,
				8426107E26F3FF5B0039DFD2 /* Preferences.swift */,
				84C1147C2701C9B5008B7930 /* Input */,
			);
			path = Core;
			sourceTree = "<group>";
		};
		8426107926F3F9BB0039DFD2 /* Libraries */ = {
			isa = PBXGroup;
			children = (
				8426108026F406CF0039DFD2 /* ShaderLibrary.swift */,
				8426108226F4BE3D0039DFD2 /* VertexDescriptorLibrary.swift */,
				8426108426F4C02A0039DFD2 /* RenderPipelineDescriptorLibrary.swift */,
				8426108626F4C3370039DFD2 /* RenderPipelineStateLibrary.swift */,
				84F770E726F7F05300C09C5D /* MeshLibrary.swift */,
			);
			path = Libraries;
			sourceTree = "<group>";
		};
		8426107A26F3FA0D0039DFD2 /* Shaders */ = {
			isa = PBXGroup;
			children = (
				8426107426F341110039DFD2 /* MyShaders.metal */,
			);
			path = Shaders;
			sourceTree = "<group>";
		};
		8426107B26F3FA270039DFD2 /* Display */ = {
			isa = PBXGroup;
			children = (
				8426108B26F4CF870039DFD2 /* Renderer.swift */,
				8426107226F297900039DFD2 /* GameView.swift */,
				841A368426F28B06009DE921 /* Main.storyboard */,
			);
			path = Display;
			sourceTree = "<group>";
		};
		8426108826F4CAA20039DFD2 /* Game Shizz */ = {
			isa = PBXGroup;
			children = (
				84F770EF26F7FAC800C09C5D /* Node.swift */,
				84308BCA2700DFCF00B6D134 /* Scenes */,
				84F770EE26F7F9FC00C09C5D /* GameObjects */,
				842EE777270F43A40029C8E5 /* Cameras */,
				84F770EB26F7F8AC00C09C5D /* Protocols */,
			);
			path = "Game Shizz";
			sourceTree = "<group>";
		};
		842EE777270F43A40029C8E5 /* Cameras */ = {
			isa = PBXGroup;
			children = (
				842EE778270F43E50029C8E5 /* Camera.swift */,
				842EE77A270F62BB0029C8E5 /* DebugCamera.swift */,
			);
			path = Cameras;
			sourceTree = "<group>";
		};
		84308BCA2700DFCF00B6D134 /* Scenes */ = {
			isa = PBXGroup;
			children = (
				84308BCB2700DFFA00B6D134 /* Scene.swift */,
				84308BCD2700E22600B6D134 /* SandboxScene.swift */,
			);
			path = Scenes;
			sourceTree = "<group>";
		};
		84308BCF2700EA4A00B6D134 /* Managers */ = {
			isa = PBXGroup;
			children = (
				84308BD02700EAB600B6D134 /* SceneManager.swift */,
				842EE77C2710298F0029C8E5 /* CameraManager.swift */,
			);
			path = Managers;
			sourceTree = "<group>";
		};
		846154C026FDF17B00F88094 /* Maths */ = {
			isa = PBXGroup;
			children = (
				846154C126FDF1CE00F88094 /* Math.swift */,
			);
			path = Maths;
			sourceTree = "<group>";
		};
		84C1147C2701C9B5008B7930 /* Input */ = {
			isa = PBXGroup;
			children = (
				84C1147D2701C9D7008B7930 /* Keyboard.swift */,
				84C1147F2701CBF3008B7930 /* Keycodes.swift */,
				84C114812701CFC2008B7930 /* Mouse.swift */,
			);
			path = Input;
			sourceTree = "<group>";
		};
		84F770EB26F7F8AC00C09C5D /* Protocols */ = {
			isa = PBXGroup;
			children = (
				84F770EC26F7F8CD00C09C5D /* Renderable.swift */,
			);
			path = Protocols;
			sourceTree = "<group>";
		};
		84F770EE26F7F9FC00C09C5D /* GameObjects */ = {
			isa = PBXGroup;
			children = (
				8426108926F4CB1E0039DFD2 /* GameObject.swift */,
				84F770E926F7F6D300C09C5D /* Pointer.swift */,
			);
			path = GameObjects;
			sourceTree = "<group>";
		};
/* End PBXGroup section */

/* Begin PBXNativeTarget section */
		841A367726F28B04009DE921 /* Game Engine */ = {
			isa = PBXNativeTarget;
			buildConfigurationList = 841A36A126F28B07009DE921 /* Build configuration list for PBXNativeTarget "Game Engine" */;
			buildPhases = (
				841A367426F28B04009DE921 /* Sources */,
				841A367526F28B04009DE921 /* Frameworks */,
				841A367626F28B04009DE921 /* Resources */,
			);
			buildRules = (
			);
			dependencies = (
			);
			name = "Game Engine";
			productName = "Game Engine";
			productReference = 841A367826F28B04009DE921 /* Game Engine.app */;
			productType = "com.apple.product-type.application";
		};
		841A368C26F28B07009DE921 /* Game EngineTests */ = {
			isa = PBXNativeTarget;
			buildConfigurationList = 841A36A426F28B07009DE921 /* Build configuration list for PBXNativeTarget "Game EngineTests" */;
			buildPhases = (
				841A368926F28B07009DE921 /* Sources */,
				841A368A26F28B07009DE921 /* Frameworks */,
				841A368B26F28B07009DE921 /* Resources */,
			);
			buildRules = (
			);
			dependencies = (
				841A368F26F28B07009DE921 /* PBXTargetDependency */,
			);
			name = "Game EngineTests";
			productName = "Game EngineTests";
			productReference = 841A368D26F28B07009DE921 /* Game EngineTests.xctest */;
			productType = "com.apple.product-type.bundle.unit-test";
		};
		841A369726F28B07009DE921 /* Game EngineUITests */ = {
			isa = PBXNativeTarget;
			buildConfigurationList = 841A36A726F28B07009DE921 /* Build configuration list for PBXNativeTarget "Game EngineUITests" */;
			buildPhases = (
				841A369426F28B07009DE921 /* Sources */,
				841A369526F28B07009DE921 /* Frameworks */,
				841A369626F28B07009DE921 /* Resources */,
			);
			buildRules = (
			);
			dependencies = (
				841A369A26F28B07009DE921 /* PBXTargetDependency */,
			);
			name = "Game EngineUITests";
			productName = "Game EngineUITests";
			productReference = 841A369826F28B07009DE921 /* Game EngineUITests.xctest */;
			productType = "com.apple.product-type.bundle.ui-testing";
		};
/* End PBXNativeTarget section */

/* Begin PBXProject section */
		841A367026F28B04009DE921 /* Project object */ = {
			isa = PBXProject;
			attributes = {
				LastSwiftUpdateCheck = 1250;
				LastUpgradeCheck = 1300;
				TargetAttributes = {
					841A367726F28B04009DE921 = {
						CreatedOnToolsVersion = 12.5.1;
					};
					841A368C26F28B07009DE921 = {
						CreatedOnToolsVersion = 12.5.1;
						TestTargetID = 841A367726F28B04009DE921;
					};
					841A369726F28B07009DE921 = {
						CreatedOnToolsVersion = 12.5.1;
						TestTargetID = 841A367726F28B04009DE921;
					};
				};
			};
			buildConfigurationList = 841A367326F28B04009DE921 /* Build configuration list for PBXProject "Game Engine" */;
			compatibilityVersion = "Xcode 9.3";
			developmentRegion = en;
			hasScannedForEncodings = 0;
			knownRegions = (
				en,
				Base,
			);
			mainGroup = 841A366F26F28B04009DE921;
			productRefGroup = 841A367926F28B04009DE921 /* Products */;
			projectDirPath = "";
			projectRoot = "";
			targets = (
				841A367726F28B04009DE921 /* Game Engine */,
				841A368C26F28B07009DE921 /* Game EngineTests */,
				841A369726F28B07009DE921 /* Game EngineUITests */,
			);
		};
/* End PBXProject section */

/* Begin PBXResourcesBuildPhase section */
		841A367626F28B04009DE921 /* Resources */ = {
			isa = PBXResourcesBuildPhase;
			buildActionMask = 2147483647;
			files = (
				841A368326F28B06009DE921 /* Assets.xcassets in Resources */,
				841A368626F28B06009DE921 /* Main.storyboard in Resources */,
			);
			runOnlyForDeploymentPostprocessing = 0;
		};
		841A368B26F28B07009DE921 /* Resources */ = {
			isa = PBXResourcesBuildPhase;
			buildActionMask = 2147483647;
			files = (
			);
			runOnlyForDeploymentPostprocessing = 0;
		};
		841A369626F28B07009DE921 /* Resources */ = {
			isa = PBXResourcesBuildPhase;
			buildActionMask = 2147483647;
			files = (
			);
			runOnlyForDeploymentPostprocessing = 0;
		};
/* End PBXResourcesBuildPhase section */

/* Begin PBXSourcesBuildPhase section */
		841A367426F28B04009DE921 /* Sources */ = {
			isa = PBXSourcesBuildPhase;
			buildActionMask = 2147483647;
			files = (
				8426108526F4C02A0039DFD2 /* RenderPipelineDescriptorLibrary.swift in Sources */,
				8426108326F4BE3D0039DFD2 /* VertexDescriptorLibrary.swift in Sources */,
				8426107526F341110039DFD2 /* MyShaders.metal in Sources */,
				84308BCC2700DFFA00B6D134 /* Scene.swift in Sources */,
				8426107F26F3FF5B0039DFD2 /* Preferences.swift in Sources */,
				84F770E826F7F05300C09C5D /* MeshLibrary.swift in Sources */,
				8426108126F406CF0039DFD2 /* ShaderLibrary.swift in Sources */,
				842EE77D2710298F0029C8E5 /* CameraManager.swift in Sources */,
				84C114822701CFC2008B7930 /* Mouse.swift in Sources */,
				842EE77B270F62BB0029C8E5 /* DebugCamera.swift in Sources */,
				8426108C26F4CF870039DFD2 /* Renderer.swift in Sources */,
				8426107D26F3FCDF0039DFD2 /* Engine.swift in Sources */,
				841A367C26F28B04009DE921 /* AppDelegate.swift in Sources */,
				84308BD12700EAB600B6D134 /* SceneManager.swift in Sources */,
				8426107326F297900039DFD2 /* GameView.swift in Sources */,
				84F770F026F7FAC800C09C5D /* Node.swift in Sources */,
				846154C226FDF1CE00F88094 /* Math.swift in Sources */,
				84C1147E2701C9D7008B7930 /* Keyboard.swift in Sources */,
				8426108A26F4CB1E0039DFD2 /* GameObject.swift in Sources */,
				8426107726F3EB9A0039DFD2 /* Types.swift in Sources */,
				841A368126F28B04009DE921 /* Game_Engine.xcdatamodeld in Sources */,
				84C114802701CBF3008B7930 /* Keycodes.swift in Sources */,
				84F770EA26F7F6D300C09C5D /* Pointer.swift in Sources */,
				842EE779270F43E50029C8E5 /* Camera.swift in Sources */,
				8426108726F4C3370039DFD2 /* RenderPipelineStateLibrary.swift in Sources */,
				84F770ED26F7F8CD00C09C5D /* Renderable.swift in Sources */,
				84308BCE2700E22600B6D134 /* SandboxScene.swift in Sources */,
			);
			runOnlyForDeploymentPostprocessing = 0;
		};
		841A368926F28B07009DE921 /* Sources */ = {
			isa = PBXSourcesBuildPhase;
			buildActionMask = 2147483647;
			files = (
				841A369226F28B07009DE921 /* Game_EngineTests.swift in Sources */,
			);
			runOnlyForDeploymentPostprocessing = 0;
		};
		841A369426F28B07009DE921 /* Sources */ = {
			isa = PBXSourcesBuildPhase;
			buildActionMask = 2147483647;
			files = (
				841A369D26F28B07009DE921 /* Game_EngineUITests.swift in Sources */,
			);
			runOnlyForDeploymentPostprocessing = 0;
		};
/* End PBXSourcesBuildPhase section */

/* Begin PBXTargetDependency section */
		841A368F26F28B07009DE921 /* PBXTargetDependency */ = {
			isa = PBXTargetDependency;
			target = 841A367726F28B04009DE921 /* Game Engine */;
			targetProxy = 841A368E26F28B07009DE921 /* PBXContainerItemProxy */;
		};
		841A369A26F28B07009DE921 /* PBXTargetDependency */ = {
			isa = PBXTargetDependency;
			target = 841A367726F28B04009DE921 /* Game Engine */;
			targetProxy = 841A369926F28B07009DE921 /* PBXContainerItemProxy */;
		};
/* End PBXTargetDependency section */

/* Begin PBXVariantGroup section */
		841A368426F28B06009DE921 /* Main.storyboard */ = {
			isa = PBXVariantGroup;
			children = (
				841A368526F28B06009DE921 /* Base */,
			);
			name = Main.storyboard;
			sourceTree = "<group>";
		};
/* End PBXVariantGroup section */

/* Begin XCBuildConfiguration section */
		841A369F26F28B07009DE921 /* Debug */ = {
			isa = XCBuildConfiguration;
			buildSettings = {
				ALWAYS_SEARCH_USER_PATHS = NO;
				CLANG_ANALYZER_NONNULL = YES;
				CLANG_ANALYZER_NUMBER_OBJECT_CONVERSION = YES_AGGRESSIVE;
				CLANG_CXX_LANGUAGE_STANDARD = "gnu++14";
				CLANG_CXX_LIBRARY = "libc++";
				CLANG_ENABLE_MODULES = YES;
				CLANG_ENABLE_OBJC_ARC = YES;
				CLANG_ENABLE_OBJC_WEAK = YES;
				CLANG_WARN_BLOCK_CAPTURE_AUTORELEASING = YES;
				CLANG_WARN_BOOL_CONVERSION = YES;
				CLANG_WARN_COMMA = YES;
				CLANG_WARN_CONSTANT_CONVERSION = YES;
				CLANG_WARN_DEPRECATED_OBJC_IMPLEMENTATIONS = YES;
				CLANG_WARN_DIRECT_OBJC_ISA_USAGE = YES_ERROR;
				CLANG_WARN_DOCUMENTATION_COMMENTS = YES;
				CLANG_WARN_EMPTY_BODY = YES;
				CLANG_WARN_ENUM_CONVERSION = YES;
				CLANG_WARN_INFINITE_RECURSION = YES;
				CLANG_WARN_INT_CONVERSION = YES;
				CLANG_WARN_NON_LITERAL_NULL_CONVERSION = YES;
				CLANG_WARN_OBJC_IMPLICIT_RETAIN_SELF = YES;
				CLANG_WARN_OBJC_LITERAL_CONVERSION = YES;
				CLANG_WARN_OBJC_ROOT_CLASS = YES_ERROR;
				CLANG_WARN_QUOTED_INCLUDE_IN_FRAMEWORK_HEADER = YES;
				CLANG_WARN_RANGE_LOOP_ANALYSIS = YES;
				CLANG_WARN_STRICT_PROTOTYPES = YES;
				CLANG_WARN_SUSPICIOUS_MOVE = YES;
				CLANG_WARN_UNGUARDED_AVAILABILITY = YES_AGGRESSIVE;
				CLANG_WARN_UNREACHABLE_CODE = YES;
				CLANG_WARN__DUPLICATE_METHOD_MATCH = YES;
				COPY_PHASE_STRIP = NO;
				DEBUG_INFORMATION_FORMAT = dwarf;
				ENABLE_STRICT_OBJC_MSGSEND = YES;
				ENABLE_TESTABILITY = YES;
				GCC_C_LANGUAGE_STANDARD = gnu11;
				GCC_DYNAMIC_NO_PIC = NO;
				GCC_NO_COMMON_BLOCKS = YES;
				GCC_OPTIMIZATION_LEVEL = 0;
				GCC_PREPROCESSOR_DEFINITIONS = (
					"DEBUG=1",
					"$(inherited)",
				);
				GCC_WARN_64_TO_32_BIT_CONVERSION = YES;
				GCC_WARN_ABOUT_RETURN_TYPE = YES_ERROR;
				GCC_WARN_UNDECLARED_SELECTOR = YES;
				GCC_WARN_UNINITIALIZED_AUTOS = YES_AGGRESSIVE;
				GCC_WARN_UNUSED_FUNCTION = YES;
				GCC_WARN_UNUSED_VARIABLE = YES;
				MACOSX_DEPLOYMENT_TARGET = 11.3;
				MTL_ENABLE_DEBUG_INFO = INCLUDE_SOURCE;
				MTL_FAST_MATH = YES;
				ONLY_ACTIVE_ARCH = YES;
				SDKROOT = macosx;
				SWIFT_ACTIVE_COMPILATION_CONDITIONS = DEBUG;
				SWIFT_OPTIMIZATION_LEVEL = "-Onone";
			};
			name = Debug;
		};
		841A36A026F28B07009DE921 /* Release */ = {
			isa = XCBuildConfiguration;
			buildSettings = {
				ALWAYS_SEARCH_USER_PATHS = NO;
				CLANG_ANALYZER_NONNULL = YES;
				CLANG_ANALYZER_NUMBER_OBJECT_CONVERSION = YES_AGGRESSIVE;
				CLANG_CXX_LANGUAGE_STANDARD = "gnu++14";
				CLANG_CXX_LIBRARY = "libc++";
				CLANG_ENABLE_MODULES = YES;
				CLANG_ENABLE_OBJC_ARC = YES;
				CLANG_ENABLE_OBJC_WEAK = YES;
				CLANG_WARN_BLOCK_CAPTURE_AUTORELEASING = YES;
				CLANG_WARN_BOOL_CONVERSION = YES;
				CLANG_WARN_COMMA = YES;
				CLANG_WARN_CONSTANT_CONVERSION = YES;
				CLANG_WARN_DEPRECATED_OBJC_IMPLEMENTATIONS = YES;
				CLANG_WARN_DIRECT_OBJC_ISA_USAGE = YES_ERROR;
				CLANG_WARN_DOCUMENTATION_COMMENTS = YES;
				CLANG_WARN_EMPTY_BODY = YES;
				CLANG_WARN_ENUM_CONVERSION = YES;
				CLANG_WARN_INFINITE_RECURSION = YES;
				CLANG_WARN_INT_CONVERSION = YES;
				CLANG_WARN_NON_LITERAL_NULL_CONVERSION = YES;
				CLANG_WARN_OBJC_IMPLICIT_RETAIN_SELF = YES;
				CLANG_WARN_OBJC_LITERAL_CONVERSION = YES;
				CLANG_WARN_OBJC_ROOT_CLASS = YES_ERROR;
				CLANG_WARN_QUOTED_INCLUDE_IN_FRAMEWORK_HEADER = YES;
				CLANG_WARN_RANGE_LOOP_ANALYSIS = YES;
				CLANG_WARN_STRICT_PROTOTYPES = YES;
				CLANG_WARN_SUSPICIOUS_MOVE = YES;
				CLANG_WARN_UNGUARDED_AVAILABILITY = YES_AGGRESSIVE;
				CLANG_WARN_UNREACHABLE_CODE = YES;
				CLANG_WARN__DUPLICATE_METHOD_MATCH = YES;
				COPY_PHASE_STRIP = NO;
				DEBUG_INFORMATION_FORMAT = "dwarf-with-dsym";
				ENABLE_NS_ASSERTIONS = NO;
				ENABLE_STRICT_OBJC_MSGSEND = YES;
				GCC_C_LANGUAGE_STANDARD = gnu11;
				GCC_NO_COMMON_BLOCKS = YES;
				GCC_WARN_64_TO_32_BIT_CONVERSION = YES;
				GCC_WARN_ABOUT_RETURN_TYPE = YES_ERROR;
				GCC_WARN_UNDECLARED_SELECTOR = YES;
				GCC_WARN_UNINITIALIZED_AUTOS = YES_AGGRESSIVE;
				GCC_WARN_UNUSED_FUNCTION = YES;
				GCC_WARN_UNUSED_VARIABLE = YES;
				MACOSX_DEPLOYMENT_TARGET = 11.3;
				MTL_ENABLE_DEBUG_INFO = NO;
				MTL_FAST_MATH = YES;
				SDKROOT = macosx;
				SWIFT_COMPILATION_MODE = wholemodule;
				SWIFT_OPTIMIZATION_LEVEL = "-O";
			};
			name = Release;
		};
		841A36A226F28B07009DE921 /* Debug */ = {
			isa = XCBuildConfiguration;
			buildSettings = {
				ASSETCATALOG_COMPILER_APPICON_NAME = AppIcon;
				ASSETCATALOG_COMPILER_GLOBAL_ACCENT_COLOR_NAME = AccentColor;
				CODE_SIGN_ENTITLEMENTS = "Game Engine/Other Files/Game_Engine.entitlements";
				CODE_SIGN_IDENTITY = "-";
				CODE_SIGN_STYLE = Automatic;
				COMBINE_HIDPI_IMAGES = YES;
				DEVELOPMENT_TEAM = 67ND5L4SC7;
				ENABLE_HARDENED_RUNTIME = YES;
				INFOPLIST_FILE = "Game Engine/Other Files/Info.plist";
				LD_RUNPATH_SEARCH_PATHS = (
					"$(inherited)",
					"@executable_path/../Frameworks",
				);
				PRODUCT_BUNDLE_IDENTIFIER = "Yushkevich.Game-Engine";
				PRODUCT_NAME = "$(TARGET_NAME)";
				SWIFT_VERSION = 5.0;
			};
			name = Debug;
		};
		841A36A326F28B07009DE921 /* Release */ = {
			isa = XCBuildConfiguration;
			buildSettings = {
				ASSETCATALOG_COMPILER_APPICON_NAME = AppIcon;
				ASSETCATALOG_COMPILER_GLOBAL_ACCENT_COLOR_NAME = AccentColor;
				CODE_SIGN_ENTITLEMENTS = "Game Engine/Other Files/Game_Engine.entitlements";
				CODE_SIGN_IDENTITY = "-";
				CODE_SIGN_STYLE = Automatic;
				COMBINE_HIDPI_IMAGES = YES;
				DEVELOPMENT_TEAM = 67ND5L4SC7;
				ENABLE_HARDENED_RUNTIME = YES;
				INFOPLIST_FILE = "Game Engine/Other Files/Info.plist";
				LD_RUNPATH_SEARCH_PATHS = (
					"$(inherited)",
					"@executable_path/../Frameworks",
				);
				PRODUCT_BUNDLE_IDENTIFIER = "Yushkevich.Game-Engine";
				PRODUCT_NAME = "$(TARGET_NAME)";
				SWIFT_VERSION = 5.0;
			};
			name = Release;
		};
		841A36A526F28B07009DE921 /* Debug */ = {
			isa = XCBuildConfiguration;
			buildSettings = {
				ALWAYS_EMBED_SWIFT_STANDARD_LIBRARIES = YES;
				BUNDLE_LOADER = "$(TEST_HOST)";
				CODE_SIGN_STYLE = Automatic;
				COMBINE_HIDPI_IMAGES = YES;
				DEVELOPMENT_TEAM = 67ND5L4SC7;
				INFOPLIST_FILE = "Game EngineTests/Info.plist";
				LD_RUNPATH_SEARCH_PATHS = (
					"$(inherited)",
					"@executable_path/../Frameworks",
					"@loader_path/../Frameworks",
				);
				MACOSX_DEPLOYMENT_TARGET = 11.3;
				PRODUCT_BUNDLE_IDENTIFIER = "Yushkevich.Game-EngineTests";
				PRODUCT_NAME = "$(TARGET_NAME)";
				SWIFT_VERSION = 5.0;
				TEST_HOST = "$(BUILT_PRODUCTS_DIR)/Game Engine.app/Contents/MacOS/Game Engine";
			};
			name = Debug;
		};
		841A36A626F28B07009DE921 /* Release */ = {
			isa = XCBuildConfiguration;
			buildSettings = {
				ALWAYS_EMBED_SWIFT_STANDARD_LIBRARIES = YES;
				BUNDLE_LOADER = "$(TEST_HOST)";
				CODE_SIGN_STYLE = Automatic;
				COMBINE_HIDPI_IMAGES = YES;
				DEVELOPMENT_TEAM = 67ND5L4SC7;
				INFOPLIST_FILE = "Game EngineTests/Info.plist";
				LD_RUNPATH_SEARCH_PATHS = (
					"$(inherited)",
					"@executable_path/../Frameworks",
					"@loader_path/../Frameworks",
				);
				MACOSX_DEPLOYMENT_TARGET = 11.3;
				PRODUCT_BUNDLE_IDENTIFIER = "Yushkevich.Game-EngineTests";
				PRODUCT_NAME = "$(TARGET_NAME)";
				SWIFT_VERSION = 5.0;
				TEST_HOST = "$(BUILT_PRODUCTS_DIR)/Game Engine.app/Contents/MacOS/Game Engine";
			};
			name = Release;
		};
		841A36A826F28B07009DE921 /* Debug */ = {
			isa = XCBuildConfiguration;
			buildSettings = {
				ALWAYS_EMBED_SWIFT_STANDARD_LIBRARIES = YES;
				CODE_SIGN_STYLE = Automatic;
				COMBINE_HIDPI_IMAGES = YES;
				DEVELOPMENT_TEAM = 67ND5L4SC7;
				INFOPLIST_FILE = "Game EngineUITests/Info.plist";
				LD_RUNPATH_SEARCH_PATHS = (
					"$(inherited)",
					"@executable_path/../Frameworks",
					"@loader_path/../Frameworks",
				);
				PRODUCT_BUNDLE_IDENTIFIER = "Yushkevich.Game-EngineUITests";
				PRODUCT_NAME = "$(TARGET_NAME)";
				SWIFT_VERSION = 5.0;
				TEST_TARGET_NAME = "Game Engine";
			};
			name = Debug;
		};
		841A36A926F28B07009DE921 /* Release */ = {
			isa = XCBuildConfiguration;
			buildSettings = {
				ALWAYS_EMBED_SWIFT_STANDARD_LIBRARIES = YES;
				CODE_SIGN_STYLE = Automatic;
				COMBINE_HIDPI_IMAGES = YES;
				DEVELOPMENT_TEAM = 67ND5L4SC7;
				INFOPLIST_FILE = "Game EngineUITests/Info.plist";
				LD_RUNPATH_SEARCH_PATHS = (
					"$(inherited)",
					"@executable_path/../Frameworks",
					"@loader_path/../Frameworks",
				);
				PRODUCT_BUNDLE_IDENTIFIER = "Yushkevich.Game-EngineUITests";
				PRODUCT_NAME = "$(TARGET_NAME)";
				SWIFT_VERSION = 5.0;
				TEST_TARGET_NAME = "Game Engine";
			};
			name = Release;
		};
/* End XCBuildConfiguration section */

/* Begin XCConfigurationList section */
		841A367326F28B04009DE921 /* Build configuration list for PBXProject "Game Engine" */ = {
			isa = XCConfigurationList;
			buildConfigurations = (
				841A369F26F28B07009DE921 /* Debug */,
				841A36A026F28B07009DE921 /* Release */,
			);
			defaultConfigurationIsVisible = 0;
			defaultConfigurationName = Release;
		};
		841A36A126F28B07009DE921 /* Build configuration list for PBXNativeTarget "Game Engine" */ = {
			isa = XCConfigurationList;
			buildConfigurations = (
				841A36A226F28B07009DE921 /* Debug */,
				841A36A326F28B07009DE921 /* Release */,
			);
			defaultConfigurationIsVisible = 0;
			defaultConfigurationName = Release;
		};
		841A36A426F28B07009DE921 /* Build configuration list for PBXNativeTarget "Game EngineTests" */ = {
			isa = XCConfigurationList;
			buildConfigurations = (
				841A36A526F28B07009DE921 /* Debug */,
				841A36A626F28B07009DE921 /* Release */,
			);
			defaultConfigurationIsVisible = 0;
			defaultConfigurationName = Release;
		};
		841A36A726F28B07009DE921 /* Build configuration list for PBXNativeTarget "Game EngineUITests" */ = {
			isa = XCConfigurationList;
			buildConfigurations = (
				841A36A826F28B07009DE921 /* Debug */,
				841A36A926F28B07009DE921 /* Release */,
			);
			defaultConfigurationIsVisible = 0;
			defaultConfigurationName = Release;
		};
/* End XCConfigurationList section */

/* Begin XCVersionGroup section */
		841A367F26F28B04009DE921 /* Game_Engine.xcdatamodeld */ = {
			isa = XCVersionGroup;
			children = (
				841A368026F28B04009DE921 /* Game_Engine.xcdatamodel */,
			);
			currentVersion = 841A368026F28B04009DE921 /* Game_Engine.xcdatamodel */;
			path = Game_Engine.xcdatamodeld;
			sourceTree = "<group>";
			versionGroupType = wrapper.xcdatamodel;
		};
/* End XCVersionGroup section */
	};
	rootObject = 841A367026F28B04009DE921 /* Project object */;
}
